
Microsoft Visual Studio Solution File, Format Version 12.00
# Visual Studio Version 16
VisualStudioVersion = 16.0.30225.117
MinimumVisualStudioVersion = 10.0.40219.1
Project("{FAE04EC0-301F-11D3-BF4B-00C04F79EFBC}") = "ShoppingList", "ShoppingList.csproj", "{B0837EE3-68E8-481D-A9B2-172A227779FC}"
EndProject
Global
	GlobalSection(SolutionConfigurationPlatforms) = preSolution
		Debug|Any CPU = Debug|Any CPU
		Release|Any CPU = Release|Any CPU
	EndGlobalSection
	GlobalSection(ProjectConfigurationPlatforms) = postSolution
		{B0837EE3-68E8-481D-A9B2-172A227779FC}.Debug|Any CPU.ActiveCfg = Debug|Any CPU
		{B0837EE3-68E8-481D-A9B2-172A227779FC}.Debug|Any CPU.Build.0 = Debug|Any CPU
		{B0837EE3-68E8-481D-A9B2-172A227779FC}.Release|Any CPU.ActiveCfg = Release|Any CPU
		{B0837EE3-68E8-481D-A9B2-172A227779FC}.Release|Any CPU.Build.0 = Release|Any CPU
	EndGlobalSection
	GlobalSection(SolutionProperties) = preSolution
		HideSolutionNode = FALSE
	EndGlobalSection
	GlobalSection(ExtensibilityGlobals) = postSolution
		SolutionGuid = {07396F4A-6DFC-49F9-89C5-A8EC6194BEC7}
	EndGlobalSection
EndGlobal
